dependencies:
  '@octokit/rest': 18.0.5
lockfileVersion: 5.1
packages:
  /@octokit/auth-token/2.4.2:
    dependencies:
      '@octokit/types': 5.4.1
    dev: false
    resolution:
      integrity: sha512-jE/lE/IKIz2v1+/P0u4fJqv0kYwXOTujKemJMFr6FeopsxlIK3+wKDCJGnysg81XID5TgZQbIfuJ5J0lnTiuyQ==
  /@octokit/core/3.1.2:
    dependencies:
      '@octokit/auth-token': 2.4.2
      '@octokit/graphql': 4.5.4
      '@octokit/request': 5.4.7
      '@octokit/types': 5.4.1
      before-after-hook: 2.1.0
      universal-user-agent: 6.0.0
    dev: false
    resolution:
      integrity: sha512-AInOFULmwOa7+NFi9F8DlDkm5qtZVmDQayi7TUgChE3yeIGPq0Y+6cAEXPexQ3Ea+uZy66hKEazR7DJyU+4wfw==
  /@octokit/endpoint/6.0.5:
    dependencies:
      '@octokit/types': 5.4.1
      is-plain-object: 4.1.1
      universal-user-agent: 6.0.0
    dev: false
    resolution:
      integrity: sha512-70K5u6zd45ItOny6aHQAsea8HHQjlQq85yqOMe+Aj8dkhN2qSJ9T+Q3YjUjEYfPRBcuUWNgMn62DQnP/4LAIiQ==
  /@octokit/graphql/4.5.4:
    dependencies:
      '@octokit/request': 5.4.7
      '@octokit/types': 5.4.1
      universal-user-agent: 6.0.0
    dev: false
    resolution:
      integrity: sha512-ITpZ+dQc0cXAW1FmDkHJJM+8Lb6anUnin0VB5hLBilnYVdLC0ICFU/KIvT7OXfW9S81DE3U4Vx2EypDG1OYaPA==
  /@octokit/plugin-paginate-rest/2.3.3_@octokit+core@3.1.2:
    dependencies:
      '@octokit/core': 3.1.2
      '@octokit/types': 5.4.1
    dev: false
    peerDependencies:
      '@octokit/core': '>=2'
    resolution:
      integrity: sha512-pYU1sHau3CzcYIC6K5tvxsGjVfxBWcG9fcDPj7k8lUCzwXD2YJFoIPCrbsxWd/rc1lnyNVKgCkwdk3Kbm36z9Q==
  /@octokit/plugin-request-log/1.0.0:
    dev: false
    resolution:
      integrity: sha512-ywoxP68aOT3zHCLgWZgwUJatiENeHE7xJzYjfz8WI0goynp96wETBF+d95b8g/uL4QmS6owPVlaxiz3wyMAzcw==
  /@octokit/plugin-rest-endpoint-methods/4.1.4:
    dependencies:
      '@octokit/types': 5.4.1
      deprecation: 2.3.1
    dev: false
    resolution:
      integrity: sha512-Y2tVpSa7HjV3DGIQrQOJcReJ2JtcN9FaGr9jDa332Flro923/h3/Iu9e7Y4GilnzfLclHEh5iCQoCkHm7tWOcg==
  /@octokit/request-error/2.0.2:
    dependencies:
      '@octokit/types': 5.4.1
      deprecation: 2.3.1
      once: 1.4.0
    dev: false
    resolution:
      integrity: sha512-2BrmnvVSV1MXQvEkrb9zwzP0wXFNbPJij922kYBTLIlIafukrGOb+ABBT2+c6wZiuyWDH1K1zmjGQ0toN/wMWw==
  /@octokit/request/5.4.7:
    dependencies:
      '@octokit/endpoint': 6.0.5
      '@octokit/request-error': 2.0.2
      '@octokit/types': 5.4.1
      deprecation: 2.3.1
      is-plain-object: 4.1.1
      node-fetch: 2.6.1
      once: 1.4.0
      universal-user-agent: 6.0.0
    dev: false
    resolution:
      integrity: sha512-FN22xUDP0i0uF38YMbOfx6TotpcENP5W8yJM1e/LieGXn6IoRxDMnBf7tx5RKSW4xuUZ/1P04NFZy5iY3Rax1A==
  /@octokit/rest/18.0.5:
    dependencies:
      '@octokit/core': 3.1.2
      '@octokit/plugin-paginate-rest': 2.3.3_@octokit+core@3.1.2
      '@octokit/plugin-request-log': 1.0.0
      '@octokit/plugin-rest-endpoint-methods': 4.1.4
    dev: false
    resolution:
      integrity: sha512-SPKI24tQXrr1XsnaIjv2x0rl4M5eF1+hj8+vMe3d/exZ7NnL5sTe1BuFyCyJyrc+j1HkXankvgGN9zT0rwBwtg==
  /@octokit/types/5.4.1:
    dependencies:
      '@types/node': 14.6.4
    dev: false
    resolution:
      integrity: sha512-OlMlSySBJoJ6uozkr/i03nO5dlYQyE05vmQNZhAh9MyO4DPBP88QlwsDVLmVjIMFssvIZB6WO0ctIGMRG+xsJQ==
  /@types/node/14.6.4:
    dev: false
    resolution:
      integrity: sha512-Wk7nG1JSaMfMpoMJDKUsWYugliB2Vy55pdjLpmLixeyMi7HizW2I/9QoxsPCkXl3dO+ZOVqPumKaDUv5zJu2uQ==
  /before-after-hook/2.1.0:
    dev: false
    resolution:
      integrity: sha512-IWIbu7pMqyw3EAJHzzHbWa85b6oud/yfKYg5rqB5hNE8CeMi3nX+2C2sj0HswfblST86hpVEOAb9x34NZd6P7A==
  /deprecation/2.3.1:
    dev: false
    resolution:
      integrity: sha512-xmHIy4F3scKVwMsQ4WnVaS8bHOx0DmVwRywosKhaILI0ywMDWPtBSku2HNxRvF7jtwDRsoEwYQSfbxj8b7RlJQ==
  /is-plain-object/4.1.1:
    dev: false
    engines:
      node: '>=0.10.0'
    resolution:
      integrity: sha512-5Aw8LLVsDlZsETVMhoMXzqsXwQqr/0vlnBYzIXJbYo2F4yYlhLHs+Ez7Bod7IIQKWkJbJfxrWD7pA1Dw1TKrwA==
  /node-fetch/2.6.1:
    dev: false
    engines:
      node: 4.x || >=6.0.0
    resolution:
      integrity: sha512-V4aYg89jEoVRxRb2fJdAg8FHvI7cEyYdVAh94HH0UIK8oJxUfkjlDQN9RbMx+bEjP7+ggMiFRprSti032Oipxw==
  /once/1.4.0:
    dependencies:
      wrappy: 1.0.2
    dev: false
    resolution:
      integrity: sha1-WDsap3WWHUsROsF9nFC6753Xa9E=
  /universal-user-agent/6.0.0:
    dev: false
    resolution:
      integrity: sha512-isyNax3wXoKaulPDZWHQqbmIx1k2tb9fb3GGDBRxCscfYV2Ch7WxPArBsFEG8s/safwXTT7H4QGhaIkTp9447w==
  /wrappy/1.0.2:
    dev: false
    resolution:
      integrity: sha1-tSQ9jz7BqjXxNkYFvA0QNuMKtp8=
specifiers:
  '@octokit/rest': ^18.0.5
